
Microsoft Visual Studio Solution File, Format Version 12.00
# Visual Studio Version 17
VisualStudioVersion = 17.3.32929.385
MinimumVisualStudioVersion = 10.0.40219.1
Project("{8BC9CEB8-8B4A-11D0-8D11-00A0C91BC942}") = "RobloxLuaManager", "RobloxLuaManager\RobloxLuaManager.vcxproj", "{49B88ADF-B393-4B9C-974D-126630AB2C4F}"
EndProject
Global
	GlobalSection(SolutionConfigurationPlatforms) = preSolution
		Debug|x64 = Debug|x64
		Debug|x86 = Debug|x86
		Release|x64 = Release|x64
		Release|x86 = Release|x86
	EndGlobalSection
	GlobalSection(ProjectConfigurationPlatforms) = postSolution
		{49B88ADF-B393-4B9C-974D-126630AB2C4F}.Debug|x64.ActiveCfg = Debug|x64
		{49B88ADF-B393-4B9C-974D-126630AB2C4F}.Debug|x64.Build.0 = Debug|x64
		{49B88ADF-B393-4B9C-974D-126630AB2C4F}.Debug|x86.ActiveCfg = Debug|Win32
		{49B88ADF-B393-4B9C-974D-126630AB2C4F}.Debug|x86.Build.0 = Debug|Win32
		{49B88ADF-B393-4B9C-974D-126630AB2C4F}.Release|x64.ActiveCfg = Release|x64
		{49B88ADF-B393-4B9C-974D-126630AB2C4F}.Release|x64.Build.0 = Release|x64
		{49B88ADF-B393-4B9C-974D-126630AB2C4F}.Release|x86.ActiveCfg = Release|Win32
		{49B88ADF-B393-4B9C-974D-126630AB2C4F}.Release|x86.Build.0 = Release|Win32
	EndGlobalSection
	GlobalSection(SolutionProperties) = preSolution
		HideSolutionNode = FALSE
	EndGlobalSection
	GlobalSection(ExtensibilityGlobals) = postSolution
		SolutionGuid = {2E4CD2F3-6DB2-4F33-A97E-45050CE17D65}
	EndGlobalSection
EndGlobal
